{
  "name": "astro-doctor",
  "version": "0.17.0",
  "lockfileVersion": 3,
  "requires": true,
  "packages": {
    "": {
      "name": "astro-doctor",
      "version": "0.17.0",
      "license": "MIT",
      "dependencies": {
        "@astrojs/compiler": "^4.0.0"
      },
      "bin": {
        "astro-doctor": "bin/astro-doctor.js"
      },
      "engines": {
        "node": ">=18"
      }
    },
    "node_modules/@astrojs/compiler": {
      "version": "4.0.0",
      "resolved": "https://registry.npmjs.org/@astrojs/compiler/-/compiler-4.0.0.tgz",
      "integrity": "sha512-eouss7G8ygdZqHuke033VMcVw5HTZUu+PXd/h06DGDUg/jt5btPYPqh66ENWw/mU78rBrf/oeC4oqoBwMtDMNA==",
      "license": "MIT"
    }
  }
}
